
Microsoft Visual Studio Solution File, Format Version 12.00
# Visual Studio Version 17
VisualStudioVersion = 17.0.32126.317
MinimumVisualStudioVersion = 10.0.40219.1
Project("{2150E333-8FDC-42A3-9474-1A3956D46DE8}") = "src", "src", "{1DD2E07D-C4F4-4723-B1D3-76EF3BED0DEF}"
EndProject
Project("{2150E333-8FDC-42A3-9474-1A3956D46DE8}") = "core", "core", "{22593B5B-1B8D-4790-A463-E0D9CE2B584B}"
EndProject
Project("{9A19103F-16F7-4668-BE54-9A1E7A4F7556}") = "App.Domain", "src\core\App.Domain\App.Domain.csproj", "{92DF1FB9-017C-4725-A185-6A2E66F00501}"
EndProject
Project("{9A19103F-16F7-4668-BE54-9A1E7A4F7556}") = "Microservice.Application", "src\core\Microservice.Application\Microservice.Application.csproj", "{570F8F6A-E1E8-4563-A514-68704F425985}"
EndProject
Project("{2150E333-8FDC-42A3-9474-1A3956D46DE8}") = "infrastructure", "infrastructure", "{593CD9DD-ADB2-46D3-8347-F4AE765AF961}"
EndProject
Project("{2150E333-8FDC-42A3-9474-1A3956D46DE8}") = "Data", "Data", "{5EB9115E-DC56-43D5-9250-B362B0FBCB02}"
EndProject
Project("{9A19103F-16F7-4668-BE54-9A1E7A4F7556}") = "App.Data", "src\infrastructure\Data\App.Data\App.Data.csproj", "{432BFD1F-77F9-45D9-ADD3-08AAC03B9E89}"
EndProject
Project("{2150E333-8FDC-42A3-9474-1A3956D46DE8}") = "Shared", "Shared", "{E73886F1-CAA7-4784-B2FA-2BA0D1AF694B}"
EndProject
Project("{9A19103F-16F7-4668-BE54-9A1E7A4F7556}") = "App.Shared", "src\infrastructure\Shared\App.Shared\App.Shared.csproj", "{354A7856-8F46-4E67-8F1F-0E6E265478CE}"
EndProject
Project("{2150E333-8FDC-42A3-9474-1A3956D46DE8}") = "presentation", "presentation", "{6B07CF89-B6C4-46F5-B3F0-1955689226CF}"
EndProject
Project("{9A19103F-16F7-4668-BE54-9A1E7A4F7556}") = "Application.WebApi", "src\presentation\App.WebApi\Application.WebApi.csproj", "{EE3D8036-6935-494F-8D24-DAF90D088094}"
EndProject
Global
	GlobalSection(SolutionConfigurationPlatforms) = preSolution
		Debug|Any CPU = Debug|Any CPU
		Release|Any CPU = Release|Any CPU
	EndGlobalSection
	GlobalSection(ProjectConfigurationPlatforms) = postSolution
		{92DF1FB9-017C-4725-A185-6A2E66F00501}.Debug|Any CPU.ActiveCfg = Debug|Any CPU
		{92DF1FB9-017C-4725-A185-6A2E66F00501}.Debug|Any CPU.Build.0 = Debug|Any CPU
		{92DF1FB9-017C-4725-A185-6A2E66F00501}.Release|Any CPU.ActiveCfg = Release|Any CPU
		{92DF1FB9-017C-4725-A185-6A2E66F00501}.Release|Any CPU.Build.0 = Release|Any CPU
		{570F8F6A-E1E8-4563-A514-68704F425985}.Debug|Any CPU.ActiveCfg = Debug|Any CPU
		{570F8F6A-E1E8-4563-A514-68704F425985}.Debug|Any CPU.Build.0 = Debug|Any CPU
		{570F8F6A-E1E8-4563-A514-68704F425985}.Release|Any CPU.ActiveCfg = Release|Any CPU
		{570F8F6A-E1E8-4563-A514-68704F425985}.Release|Any CPU.Build.0 = Release|Any CPU
		{432BFD1F-77F9-45D9-ADD3-08AAC03B9E89}.Debug|Any CPU.ActiveCfg = Debug|Any CPU
		{432BFD1F-77F9-45D9-ADD3-08AAC03B9E89}.Debug|Any CPU.Build.0 = Debug|Any CPU
		{432BFD1F-77F9-45D9-ADD3-08AAC03B9E89}.Release|Any CPU.ActiveCfg = Release|Any CPU
		{432BFD1F-77F9-45D9-ADD3-08AAC03B9E89}.Release|Any CPU.Build.0 = Release|Any CPU
		{354A7856-8F46-4E67-8F1F-0E6E265478CE}.Debug|Any CPU.ActiveCfg = Debug|Any CPU
		{354A7856-8F46-4E67-8F1F-0E6E265478CE}.Debug|Any CPU.Build.0 = Debug|Any CPU
		{354A7856-8F46-4E67-8F1F-0E6E265478CE}.Release|Any CPU.ActiveCfg = Release|Any CPU
		{354A7856-8F46-4E67-8F1F-0E6E265478CE}.Release|Any CPU.Build.0 = Release|Any CPU
		{EE3D8036-6935-494F-8D24-DAF90D088094}.Debug|Any CPU.ActiveCfg = Debug|Any CPU
		{EE3D8036-6935-494F-8D24-DAF90D088094}.Debug|Any CPU.Build.0 = Debug|Any CPU
		{EE3D8036-6935-494F-8D24-DAF90D088094}.Release|Any CPU.ActiveCfg = Release|Any CPU
		{EE3D8036-6935-494F-8D24-DAF90D088094}.Release|Any CPU.Build.0 = Release|Any CPU
	EndGlobalSection
	GlobalSection(SolutionProperties) = preSolution
		HideSolutionNode = FALSE
	EndGlobalSection
	GlobalSection(NestedProjects) = preSolution
		{22593B5B-1B8D-4790-A463-E0D9CE2B584B} = {1DD2E07D-C4F4-4723-B1D3-76EF3BED0DEF}
		{92DF1FB9-017C-4725-A185-6A2E66F00501} = {22593B5B-1B8D-4790-A463-E0D9CE2B584B}
		{570F8F6A-E1E8-4563-A514-68704F425985} = {22593B5B-1B8D-4790-A463-E0D9CE2B584B}
		{593CD9DD-ADB2-46D3-8347-F4AE765AF961} = {1DD2E07D-C4F4-4723-B1D3-76EF3BED0DEF}
		{5EB9115E-DC56-43D5-9250-B362B0FBCB02} = {593CD9DD-ADB2-46D3-8347-F4AE765AF961}
		{432BFD1F-77F9-45D9-ADD3-08AAC03B9E89} = {5EB9115E-DC56-43D5-9250-B362B0FBCB02}
		{E73886F1-CAA7-4784-B2FA-2BA0D1AF694B} = {593CD9DD-ADB2-46D3-8347-F4AE765AF961}
		{354A7856-8F46-4E67-8F1F-0E6E265478CE} = {E73886F1-CAA7-4784-B2FA-2BA0D1AF694B}
		{6B07CF89-B6C4-46F5-B3F0-1955689226CF} = {1DD2E07D-C4F4-4723-B1D3-76EF3BED0DEF}
		{EE3D8036-6935-494F-8D24-DAF90D088094} = {6B07CF89-B6C4-46F5-B3F0-1955689226CF}
	EndGlobalSection
	GlobalSection(ExtensibilityGlobals) = postSolution
		SolutionGuid = {20A86CAB-BDDD-4842-A622-B663804D6CCD}
	EndGlobalSection
EndGlobal
